
Microsoft Visual Studio Solution File, Format Version 12.00
# Visual Studio 15
VisualStudioVersion = 15.0.28307.168
MinimumVisualStudioVersion = 10.0.40219.1
Project("{FAE04EC0-301F-11D3-BF4B-00C04F79EFBC}") = "first", "first\first.csproj", "{7D2029C4-2451-428D-AC59-9B2550937B96}"
EndProject
Project("{2150E333-8FDC-42A3-9474-1A3956D46DE8}") = "Solution Items", "Solution Items", "{C0B9E6BB-280D-4F2F-9804-242459C3BFEC}"
EndProject
Global
	GlobalSection(SolutionConfigurationPlatforms) = preSolution
		Debug|Any CPU = Debug|Any CPU
		Debug|x86 = Debug|x86
		Release|Any CPU = Release|Any CPU
		Release|x86 = Release|x86
	EndGlobalSection
	GlobalSection(ProjectConfigurationPlatforms) = postSolution
		{7D2029C4-2451-428D-AC59-9B2550937B96}.Debug|Any CPU.ActiveCfg = Debug|Any CPU
		{7D2029C4-2451-428D-AC59-9B2550937B96}.Debug|Any CPU.Build.0 = Debug|Any CPU
		{7D2029C4-2451-428D-AC59-9B2550937B96}.Debug|x86.ActiveCfg = Debug|Any CPU
		{7D2029C4-2451-428D-AC59-9B2550937B96}.Debug|x86.Build.0 = Debug|Any CPU
		{7D2029C4-2451-428D-AC59-9B2550937B96}.Release|Any CPU.ActiveCfg = Release|Any CPU
		{7D2029C4-2451-428D-AC59-9B2550937B96}.Release|Any CPU.Build.0 = Release|Any CPU
		{7D2029C4-2451-428D-AC59-9B2550937B96}.Release|x86.ActiveCfg = Release|Any CPU
		{7D2029C4-2451-428D-AC59-9B2550937B96}.Release|x86.Build.0 = Release|Any CPU
	EndGlobalSection
	GlobalSection(SolutionProperties) = preSolution
		HideSolutionNode = FALSE
	EndGlobalSection
	GlobalSection(ExtensibilityGlobals) = postSolution
		SolutionGuid = {380977CB-28EE-4488-8C95-07EA02B62541}
	EndGlobalSection
EndGlobal
